
Microsoft Visual Studio Solution File, Format Version 12.00
# Visual Studio Version 17
VisualStudioVersion = 17.6.33815.320
MinimumVisualStudioVersion = 10.0.40219.1
Project("{FAE04EC0-301F-11D3-BF4B-00C04F79EFBC}") = "WebMvc1", "WebMvc1.csproj", "{3EC0D425-6538-40CB-B5B6-B00F16077A86}"
EndProject
Global
	GlobalSection(SolutionConfigurationPlatforms) = preSolution
		Debug|Any CPU = Debug|Any CPU
		Release|Any CPU = Release|Any CPU
	EndGlobalSection
	GlobalSection(ProjectConfigurationPlatforms) = postSolution
		{3EC0D425-6538-40CB-B5B6-B00F16077A86}.Debug|Any CPU.ActiveCfg = Debug|Any CPU
		{3EC0D425-6538-40CB-B5B6-B00F16077A86}.Debug|Any CPU.Build.0 = Debug|Any CPU
		{3EC0D425-6538-40CB-B5B6-B00F16077A86}.Release|Any CPU.ActiveCfg = Release|Any CPU
		{3EC0D425-6538-40CB-B5B6-B00F16077A86}.Release|Any CPU.Build.0 = Release|Any CPU
	EndGlobalSection
	GlobalSection(SolutionProperties) = preSolution
		HideSolutionNode = FALSE
	EndGlobalSection
	GlobalSection(ExtensibilityGlobals) = postSolution
		SolutionGuid = {C471F1F6-AE72-4809-8A8F-83457586254B}
	EndGlobalSection
EndGlobal
